
Microsoft Visual Studio Solution File, Format Version 12.00
# Visual Studio Version 16
VisualStudioVersion = 16.0.31829.152
MinimumVisualStudioVersion = 10.0.40219.1
Project("{F184B08F-C81C-45F6-A57F-5ABD9991F28F}") = "SegundaAPI", "SegundaAPI\SegundaAPI.vbproj", "{F8FA4EFF-3C1A-477F-8770-45EE9113FEA0}"
EndProject
Global
	GlobalSection(SolutionConfigurationPlatforms) = preSolution
		Debug|Any CPU = Debug|Any CPU
		Release|Any CPU = Release|Any CPU
	EndGlobalSection
	GlobalSection(ProjectConfigurationPlatforms) = postSolution
		{F8FA4EFF-3C1A-477F-8770-45EE9113FEA0}.Debug|Any CPU.ActiveCfg = Debug|Any CPU
		{F8FA4EFF-3C1A-477F-8770-45EE9113FEA0}.Debug|Any CPU.Build.0 = Debug|Any CPU
		{F8FA4EFF-3C1A-477F-8770-45EE9113FEA0}.Release|Any CPU.ActiveCfg = Release|Any CPU
		{F8FA4EFF-3C1A-477F-8770-45EE9113FEA0}.Release|Any CPU.Build.0 = Release|Any CPU
	EndGlobalSection
	GlobalSection(SolutionProperties) = preSolution
		HideSolutionNode = FALSE
	EndGlobalSection
	GlobalSection(ExtensibilityGlobals) = postSolution
		SolutionGuid = {001582DC-7219-4BEE-9770-0841F0D14E59}
	EndGlobalSection
EndGlobal
