
Microsoft Visual Studio Solution File, Format Version 12.00
# Visual Studio Version 16
VisualStudioVersion = 16.0.33027.164
MinimumVisualStudioVersion = 10.0.40219.1
Project("{FAE04EC0-301F-11D3-BF4B-00C04F79EFBC}") = "SocketIO", "SocketIO\SocketIO.csproj", "{AD822F5C-1537-4B6E-A48A-BAA726587473}"
EndProject
Global
	GlobalSection(SolutionConfigurationPlatforms) = preSolution
		Debug|Any CPU = Debug|Any CPU
		Release|Any CPU = Release|Any CPU
	EndGlobalSection
	GlobalSection(ProjectConfigurationPlatforms) = postSolution
		{AD822F5C-1537-4B6E-A48A-BAA726587473}.Debug|Any CPU.ActiveCfg = Debug|Any CPU
		{AD822F5C-1537-4B6E-A48A-BAA726587473}.Debug|Any CPU.Build.0 = Debug|Any CPU
		{AD822F5C-1537-4B6E-A48A-BAA726587473}.Release|Any CPU.ActiveCfg = Release|Any CPU
		{AD822F5C-1537-4B6E-A48A-BAA726587473}.Release|Any CPU.Build.0 = Release|Any CPU
	EndGlobalSection
	GlobalSection(SolutionProperties) = preSolution
		HideSolutionNode = FALSE
	EndGlobalSection
	GlobalSection(ExtensibilityGlobals) = postSolution
		SolutionGuid = {7915823B-5C22-4FD4-A08D-859B37332156}
	EndGlobalSection
EndGlobal
