
Microsoft Visual Studio Solution File, Format Version 12.00
# Visual Studio Version 16
VisualStudioVersion = 16.0.31729.503
MinimumVisualStudioVersion = 10.0.40219.1
Project("{9A19103F-16F7-4668-BE54-9A1E7A4F7556}") = "AWSLambda1", "AWSLambda1\AWSLambda1.csproj", "{780CFD97-DFEE-4F91-9C83-03E1F71F2679}"
EndProject
Global
	GlobalSection(SolutionConfigurationPlatforms) = preSolution
		Debug|Any CPU = Debug|Any CPU
		Release|Any CPU = Release|Any CPU
	EndGlobalSection
	GlobalSection(ProjectConfigurationPlatforms) = postSolution
		{780CFD97-DFEE-4F91-9C83-03E1F71F2679}.Debug|Any CPU.ActiveCfg = Debug|Any CPU
		{780CFD97-DFEE-4F91-9C83-03E1F71F2679}.Debug|Any CPU.Build.0 = Debug|Any CPU
		{780CFD97-DFEE-4F91-9C83-03E1F71F2679}.Release|Any CPU.ActiveCfg = Release|Any CPU
		{780CFD97-DFEE-4F91-9C83-03E1F71F2679}.Release|Any CPU.Build.0 = Release|Any CPU
	EndGlobalSection
	GlobalSection(SolutionProperties) = preSolution
		HideSolutionNode = FALSE
	EndGlobalSection
	GlobalSection(ExtensibilityGlobals) = postSolution
		SolutionGuid = {8E8549D7-A9F7-4873-BCB1-2A7D58EB287D}
	EndGlobalSection
EndGlobal
