
Microsoft Visual Studio Solution File, Format Version 12.00
# Visual Studio Version 16
VisualStudioVersion = 16.0.32802.440
MinimumVisualStudioVersion = 10.0.40219.1
Project("{FAE04EC0-301F-11D3-BF4B-00C04F79EFBC}") = "LeerXML", "LeerXML.csproj", "{71E1D256-0112-4513-B57E-81D98B7D1190}"
EndProject
Global
	GlobalSection(SolutionConfigurationPlatforms) = preSolution
		Debug|Any CPU = Debug|Any CPU
		Release|Any CPU = Release|Any CPU
	EndGlobalSection
	GlobalSection(ProjectConfigurationPlatforms) = postSolution
		{71E1D256-0112-4513-B57E-81D98B7D1190}.Debug|Any CPU.ActiveCfg = Debug|Any CPU
		{71E1D256-0112-4513-B57E-81D98B7D1190}.Debug|Any CPU.Build.0 = Debug|Any CPU
		{71E1D256-0112-4513-B57E-81D98B7D1190}.Release|Any CPU.ActiveCfg = Release|Any CPU
		{71E1D256-0112-4513-B57E-81D98B7D1190}.Release|Any CPU.Build.0 = Release|Any CPU
	EndGlobalSection
	GlobalSection(SolutionProperties) = preSolution
		HideSolutionNode = FALSE
	EndGlobalSection
	GlobalSection(ExtensibilityGlobals) = postSolution
		SolutionGuid = {E80E2EFA-CE2B-469B-9BFE-E1F6CA5A033D}
	EndGlobalSection
EndGlobal
