
Microsoft Visual Studio Solution File, Format Version 12.00
# Visual Studio Version 16
VisualStudioVersion = 16.0.33027.164
MinimumVisualStudioVersion = 10.0.40219.1
Project("{FAE04EC0-301F-11D3-BF4B-00C04F79EFBC}") = "TestTD", "TestTD\TestTD.csproj", "{B5175939-3286-4458-AE61-7F2152C40F70}"
EndProject
Global
	GlobalSection(SolutionConfigurationPlatforms) = preSolution
		Debug|Any CPU = Debug|Any CPU
		Release|Any CPU = Release|Any CPU
	EndGlobalSection
	GlobalSection(ProjectConfigurationPlatforms) = postSolution
		{B5175939-3286-4458-AE61-7F2152C40F70}.Debug|Any CPU.ActiveCfg = Debug|Any CPU
		{B5175939-3286-4458-AE61-7F2152C40F70}.Debug|Any CPU.Build.0 = Debug|Any CPU
		{B5175939-3286-4458-AE61-7F2152C40F70}.Release|Any CPU.ActiveCfg = Release|Any CPU
		{B5175939-3286-4458-AE61-7F2152C40F70}.Release|Any CPU.Build.0 = Release|Any CPU
	EndGlobalSection
	GlobalSection(SolutionProperties) = preSolution
		HideSolutionNode = FALSE
	EndGlobalSection
	GlobalSection(ExtensibilityGlobals) = postSolution
		SolutionGuid = {D3886685-4A3C-4DE7-93E3-6F9BF57B6F46}
	EndGlobalSection
EndGlobal
