
Microsoft Visual Studio Solution File, Format Version 12.00
# Visual Studio Version 16
VisualStudioVersion = 16.0.31829.152
MinimumVisualStudioVersion = 10.0.40219.1
Project("{FAE04EC0-301F-11D3-BF4B-00C04F79EFBC}") = "ConsoleApp1", "ConsoleApp1\ConsoleApp1.csproj", "{92C0C120-B0A7-402D-9366-0D56595C7C27}"
EndProject
Project("{FAE04EC0-301F-11D3-BF4B-00C04F79EFBC}") = "Descompress", "Descompress\Descompress.csproj", "{C674CA72-0002-4ADB-AF03-0E9131776054}"
EndProject
Global
	GlobalSection(SolutionConfigurationPlatforms) = preSolution
		Debug|Any CPU = Debug|Any CPU
		Release|Any CPU = Release|Any CPU
	EndGlobalSection
	GlobalSection(ProjectConfigurationPlatforms) = postSolution
		{92C0C120-B0A7-402D-9366-0D56595C7C27}.Debug|Any CPU.ActiveCfg = Debug|Any CPU
		{92C0C120-B0A7-402D-9366-0D56595C7C27}.Debug|Any CPU.Build.0 = Debug|Any CPU
		{92C0C120-B0A7-402D-9366-0D56595C7C27}.Release|Any CPU.ActiveCfg = Release|Any CPU
		{92C0C120-B0A7-402D-9366-0D56595C7C27}.Release|Any CPU.Build.0 = Release|Any CPU
		{C674CA72-0002-4ADB-AF03-0E9131776054}.Debug|Any CPU.ActiveCfg = Debug|Any CPU
		{C674CA72-0002-4ADB-AF03-0E9131776054}.Debug|Any CPU.Build.0 = Debug|Any CPU
		{C674CA72-0002-4ADB-AF03-0E9131776054}.Release|Any CPU.ActiveCfg = Release|Any CPU
		{C674CA72-0002-4ADB-AF03-0E9131776054}.Release|Any CPU.Build.0 = Release|Any CPU
	EndGlobalSection
	GlobalSection(SolutionProperties) = preSolution
		HideSolutionNode = FALSE
	EndGlobalSection
	GlobalSection(ExtensibilityGlobals) = postSolution
		SolutionGuid = {E44BC5B6-0756-4211-B840-8A869E82CF16}
	EndGlobalSection
EndGlobal
