
Microsoft Visual Studio Solution File, Format Version 12.00
# Visual Studio Version 16
VisualStudioVersion = 16.0.32802.440
MinimumVisualStudioVersion = 10.0.40219.1
Project("{FAE04EC0-301F-11D3-BF4B-00C04F79EFBC}") = "ConsoleApp2", "ConsoleApp2\ConsoleApp2.csproj", "{20A70D26-0794-473B-A035-49ED406A2CD3}"
EndProject
Global
	GlobalSection(SolutionConfigurationPlatforms) = preSolution
		Debug|Any CPU = Debug|Any CPU
		Release|Any CPU = Release|Any CPU
	EndGlobalSection
	GlobalSection(ProjectConfigurationPlatforms) = postSolution
		{20A70D26-0794-473B-A035-49ED406A2CD3}.Debug|Any CPU.ActiveCfg = Debug|Any CPU
		{20A70D26-0794-473B-A035-49ED406A2CD3}.Debug|Any CPU.Build.0 = Debug|Any CPU
		{20A70D26-0794-473B-A035-49ED406A2CD3}.Release|Any CPU.ActiveCfg = Release|Any CPU
		{20A70D26-0794-473B-A035-49ED406A2CD3}.Release|Any CPU.Build.0 = Release|Any CPU
	EndGlobalSection
	GlobalSection(SolutionProperties) = preSolution
		HideSolutionNode = FALSE
	EndGlobalSection
	GlobalSection(ExtensibilityGlobals) = postSolution
		SolutionGuid = {0D2C07DB-7D93-4760-8B11-5F9FF681F2A8}
	EndGlobalSection
EndGlobal
