
Microsoft Visual Studio Solution File, Format Version 12.00
# Visual Studio Version 16
VisualStudioVersion = 16.0.33027.164
MinimumVisualStudioVersion = 10.0.40219.1
Project("{FAE04EC0-301F-11D3-BF4B-00C04F79EFBC}") = "DescargarTasas", "DescargarTasas.csproj", "{540162EE-B4CF-4CF8-A9C4-A949009F373E}"
EndProject
Global
	GlobalSection(SolutionConfigurationPlatforms) = preSolution
		Debug|Any CPU = Debug|Any CPU
		Release|Any CPU = Release|Any CPU
	EndGlobalSection
	GlobalSection(ProjectConfigurationPlatforms) = postSolution
		{540162EE-B4CF-4CF8-A9C4-A949009F373E}.Debug|Any CPU.ActiveCfg = Debug|Any CPU
		{540162EE-B4CF-4CF8-A9C4-A949009F373E}.Debug|Any CPU.Build.0 = Debug|Any CPU
		{540162EE-B4CF-4CF8-A9C4-A949009F373E}.Release|Any CPU.ActiveCfg = Release|Any CPU
		{540162EE-B4CF-4CF8-A9C4-A949009F373E}.Release|Any CPU.Build.0 = Release|Any CPU
	EndGlobalSection
	GlobalSection(SolutionProperties) = preSolution
		HideSolutionNode = FALSE
	EndGlobalSection
	GlobalSection(ExtensibilityGlobals) = postSolution
		SolutionGuid = {9A089EC3-D44D-440B-8B58-4F4FE9B0BCB1}
	EndGlobalSection
EndGlobal
